// !$*UTF8*$!
{
	archiveVersion = 1;
	classes = {
	};
	objectVersion = 56;
	objects = {

/* Begin PBXBuildFile section */
		0520B53B299AA57A00802DCE /* K2D-Regular.ttf in Resources */ = {isa = PBXBuildFile; fileRef = 0520B53A299AA57A00802DCE /* K2D-Regular.ttf */; };
		0520B53F299ACBD700802DCE /* LaunchScreen.swift in Sources */ = {isa = PBXBuildFile; fileRef = 0520B53E299ACBD700802DCE /* LaunchScreen.swift */; };
		05C30F712996D92500913DF1 /* K2D-SemiBold.ttf in Resources */ = {isa = PBXBuildFile; fileRef = 05C30F702996D92500913DF1 /* K2D-SemiBold.ttf */; };
		D11D612229899AB00055E3D5 /* API_NasaApp.swift in Sources */ = {isa = PBXBuildFile; fileRef = D11D612129899AB00055E3D5 /* API_NasaApp.swift */; };
		D11D612429899AB00055E3D5 /* ContentView.swift in Sources */ = {isa = PBXBuildFile; fileRef = D11D612329899AB00055E3D5 /* ContentView.swift */; };
		D11D612629899AB00055E3D5 /* Assets.xcassets in Resources */ = {isa = PBXBuildFile; fileRef = D11D612529899AB00055E3D5 /* Assets.xcassets */; };
		D11D612929899AB00055E3D5 /* Preview Assets.xcassets in Resources */ = {isa = PBXBuildFile; fileRef = D11D612829899AB00055E3D5 /* Preview Assets.xcassets */; };
		D11D613A298C303F0055E3D5 /* PlanetInfos.swift in Sources */ = {isa = PBXBuildFile; fileRef = D11D6139298C303F0055E3D5 /* PlanetInfos.swift */; };
		D11D613C298C452D0055E3D5 /* WebService.swift in Sources */ = {isa = PBXBuildFile; fileRef = D11D613B298C452D0055E3D5 /* WebService.swift */; };
		D11D614A298D9F280055E3D5 /* Cell.swift in Sources */ = {isa = PBXBuildFile; fileRef = D11D6149298D9F280055E3D5 /* Cell.swift */; };
		D12FA03D2995B02500E81604 /* DetailCell.swift in Sources */ = {isa = PBXBuildFile; fileRef = D12FA03C2995B02500E81604 /* DetailCell.swift */; };
		D12FA03F2996869B00E81604 /* ImageFormatter.swift in Sources */ = {isa = PBXBuildFile; fileRef = D12FA03E2996869B00E81604 /* ImageFormatter.swift */; };
		D12FA0442996D47200E81604 /* PlusPlanetInfos.swift in Sources */ = {isa = PBXBuildFile; fileRef = D12FA0432996D47200E81604 /* PlusPlanetInfos.swift */; };
		D138512F299C216500B35797 /* ARKitView.swift in Sources */ = {isa = PBXBuildFile; fileRef = D138512E299C216500B35797 /* ARKitView.swift */; };
		D138513F299C4C9700B35797 /* NavigationIndicator.swift in Sources */ = {isa = PBXBuildFile; fileRef = D138513E299C4C9700B35797 /* NavigationIndicator.swift */; };
		D1EE28C52992914F003A0A90 /* PlanetDetailsView.swift in Sources */ = {isa = PBXBuildFile; fileRef = D1EE28C42992914F003A0A90 /* PlanetDetailsView.swift */; };
		D1EE28C72992D941003A0A90 /* InfosService.swift in Sources */ = {isa = PBXBuildFile; fileRef = D1EE28C62992D941003A0A90 /* InfosService.swift */; };
/* End PBXBuildFile section */

/* Begin PBXFileReference section */
		0520B53A299AA57A00802DCE /* K2D-Regular.ttf */ = {isa = PBXFileReference; lastKnownFileType = file; path = "K2D-Regular.ttf"; sourceTree = "<group>"; };
		0520B53E299ACBD700802DCE /* LaunchScreen.swift */ = {isa = PBXFileReference; lastKnownFileType = sourcecode.swift; path = LaunchScreen.swift; sourceTree = "<group>"; };
		05C30F622996CCDE00913DF1 /* API-Nasa-Info.plist */ = {isa = PBXFileReference; lastKnownFileType = text.plist; path = "API-Nasa-Info.plist"; sourceTree = SOURCE_ROOT; };
		05C30F702996D92500913DF1 /* K2D-SemiBold.ttf */ = {isa = PBXFileReference; lastKnownFileType = file; path = "K2D-SemiBold.ttf"; sourceTree = "<group>"; };
		D11D611E29899AB00055E3D5 /* API_Nasa.app */ = {isa = PBXFileReference; explicitFileType = wrapper.application; includeInIndex = 0; path = API_Nasa.app; sourceTree = BUILT_PRODUCTS_DIR; };
		D11D612129899AB00055E3D5 /* API_NasaApp.swift */ = {isa = PBXFileReference; lastKnownFileType = sourcecode.swift; path = API_NasaApp.swift; sourceTree = "<group>"; };
		D11D612329899AB00055E3D5 /* ContentView.swift */ = {isa = PBXFileReference; lastKnownFileType = sourcecode.swift; path = ContentView.swift; sourceTree = "<group>"; };
		D11D612529899AB00055E3D5 /* Assets.xcassets */ = {isa = PBXFileReference; lastKnownFileType = folder.assetcatalog; path = Assets.xcassets; sourceTree = "<group>"; };
		D11D612829899AB00055E3D5 /* Preview Assets.xcassets */ = {isa = PBXFileReference; lastKnownFileType = folder.assetcatalog; path = "Preview Assets.xcassets"; sourceTree = "<group>"; };
		D11D6139298C303F0055E3D5 /* PlanetInfos.swift */ = {isa = PBXFileReference; lastKnownFileType = sourcecode.swift; path = PlanetInfos.swift; sourceTree = "<group>"; };
		D11D613B298C452D0055E3D5 /* WebService.swift */ = {isa = PBXFileReference; lastKnownFileType = sourcecode.swift; path = WebService.swift; sourceTree = "<group>"; };
		D11D6149298D9F280055E3D5 /* Cell.swift */ = {isa = PBXFileReference; lastKnownFileType = sourcecode.swift; path = Cell.swift; sourceTree = "<group>"; };
		D12FA03C2995B02500E81604 /* DetailCell.swift */ = {isa = PBXFileReference; lastKnownFileType = sourcecode.swift; path = DetailCell.swift; sourceTree = "<group>"; };
		D12FA03E2996869B00E81604 /* ImageFormatter.swift */ = {isa = PBXFileReference; lastKnownFileType = sourcecode.swift; path = ImageFormatter.swift; sourceTree = "<group>"; };
		D12FA0432996D47200E81604 /* PlusPlanetInfos.swift */ = {isa = PBXFileReference; lastKnownFileType = sourcecode.swift; path = PlusPlanetInfos.swift; sourceTree = "<group>"; };
		D138512E299C216500B35797 /* ARKitView.swift */ = {isa = PBXFileReference; lastKnownFileType = sourcecode.swift; path = ARKitView.swift; sourceTree = "<group>"; };
		D138513E299C4C9700B35797 /* NavigationIndicator.swift */ = {isa = PBXFileReference; lastKnownFileType = sourcecode.swift; path = NavigationIndicator.swift; sourceTree = "<group>"; };
		D1EE28C42992914F003A0A90 /* PlanetDetailsView.swift */ = {isa = PBXFileReference; lastKnownFileType = sourcecode.swift; path = PlanetDetailsView.swift; sourceTree = "<group>"; };
		D1EE28C62992D941003A0A90 /* InfosService.swift */ = {isa = PBXFileReference; lastKnownFileType = sourcecode.swift; path = InfosService.swift; sourceTree = "<group>"; };
/* End PBXFileReference section */

/* Begin PBXFrameworksBuildPhase section */
		D11D611B29899AB00055E3D5 /* Frameworks */ = {
			isa = PBXFrameworksBuildPhase;
			buildActionMask = 2147483647;
			files = (
			);
			runOnlyForDeploymentPostprocessing = 0;
		};
/* End PBXFrameworksBuildPhase section */

/* Begin PBXGroup section */
		D11D611529899AB00055E3D5 = {
			isa = PBXGroup;
			children = (
				D11D612029899AB00055E3D5 /* API_Nasa */,
				D11D611F29899AB00055E3D5 /* Products */,
			);
			sourceTree = "<group>";
		};
		D11D611F29899AB00055E3D5 /* Products */ = {
			isa = PBXGroup;
			children = (
				D11D611E29899AB00055E3D5 /* API_Nasa.app */,
			);
			name = Products;
			sourceTree = "<group>";
		};
		D11D612029899AB00055E3D5 /* API_Nasa */ = {
			isa = PBXGroup;
			children = (
				05C30F622996CCDE00913DF1 /* API-Nasa-Info.plist */,
				D11D612129899AB00055E3D5 /* API_NasaApp.swift */,
				D11D613D298C487E0055E3D5 /* View */,
				D11D6138298C2F360055E3D5 /* ViewModel */,
				D11D612F298A99FB0055E3D5 /* Model */,
				D11D612529899AB00055E3D5 /* Assets.xcassets */,
				05C30F702996D92500913DF1 /* K2D-SemiBold.ttf */,
				0520B53A299AA57A00802DCE /* K2D-Regular.ttf */,
				D11D612729899AB00055E3D5 /* Preview Content */,
			);
			path = API_Nasa;
			sourceTree = "<group>";
		};
		D11D612729899AB00055E3D5 /* Preview Content */ = {
			isa = PBXGroup;
			children = (
				D11D612829899AB00055E3D5 /* Preview Assets.xcassets */,
			);
			path = "Preview Content";
			sourceTree = "<group>";
		};
		D11D612F298A99FB0055E3D5 /* Model */ = {
			isa = PBXGroup;
			children = (
				D11D6139298C303F0055E3D5 /* PlanetInfos.swift */,
				D12FA0432996D47200E81604 /* PlusPlanetInfos.swift */,
			);
			path = Model;
			sourceTree = "<group>";
		};
		D11D6138298C2F360055E3D5 /* ViewModel */ = {
			isa = PBXGroup;
			children = (
				D11D613B298C452D0055E3D5 /* WebService.swift */,
				D1EE28C62992D941003A0A90 /* InfosService.swift */,
			);
			path = ViewModel;
			sourceTree = "<group>";
		};
		D11D613D298C487E0055E3D5 /* View */ = {
			isa = PBXGroup;
			children = (
				D138512D299C209E00B35797 /* ARKitView */,
				D11D6148298D9F0C0055E3D5 /* ViewModifiers */,
				D11D612329899AB00055E3D5 /* ContentView.swift */,
				D1EE28C42992914F003A0A90 /* PlanetDetailsView.swift */,
				0520B53E299ACBD700802DCE /* LaunchScreen.swift */,
				D138513E299C4C9700B35797 /* NavigationIndicator.swift */,
			);
			path = View;
			sourceTree = "<group>";
		};
		D11D6148298D9F0C0055E3D5 /* ViewModifiers */ = {
			isa = PBXGroup;
			children = (
				D11D6149298D9F280055E3D5 /* Cell.swift */,
				D12FA03C2995B02500E81604 /* DetailCell.swift */,
				D12FA03E2996869B00E81604 /* ImageFormatter.swift */,
			);
			path = ViewModifiers;
			sourceTree = "<group>";
		};
		D138512D299C209E00B35797 /* ARKitView */ = {
			isa = PBXGroup;
			children = (
				D138512E299C216500B35797 /* ARKitView.swift */,
			);
			path = ARKitView;
			sourceTree = "<group>";
		};
/* End PBXGroup section */

/* Begin PBXNativeTarget section */
		D11D611D29899AB00055E3D5 /* API_Nasa */ = {
			isa = PBXNativeTarget;
			buildConfigurationList = D11D612C29899AB00055E3D5 /* Build configuration list for PBXNativeTarget "API_Nasa" */;
			buildPhases = (
				D11D611A29899AB00055E3D5 /* Sources */,
				D11D611B29899AB00055E3D5 /* Frameworks */,
				D11D611C29899AB00055E3D5 /* Resources */,
			);
			buildRules = (
			);
			dependencies = (
			);
			name = API_Nasa;
			productName = API_Nasa;
			productReference = D11D611E29899AB00055E3D5 /* API_Nasa.app */;
			productType = "com.apple.product-type.application";
		};
/* End PBXNativeTarget section */

/* Begin PBXProject section */
		D11D611629899AB00055E3D5 /* Project object */ = {
			isa = PBXProject;
			attributes = {
				BuildIndependentTargetsInParallel = 1;
				LastSwiftUpdateCheck = 1410;
				LastUpgradeCheck = 1410;
				TargetAttributes = {
					D11D611D29899AB00055E3D5 = {
						CreatedOnToolsVersion = 14.1;
					};
				};
			};
			buildConfigurationList = D11D611929899AB00055E3D5 /* Build configuration list for PBXProject "API_Nasa" */;
			compatibilityVersion = "Xcode 14.0";
			developmentRegion = en;
			hasScannedForEncodings = 0;
			knownRegions = (
				en,
				Base,
			);
			mainGroup = D11D611529899AB00055E3D5;
			productRefGroup = D11D611F29899AB00055E3D5 /* Products */;
			projectDirPath = "";
			projectRoot = "";
			targets = (
				D11D611D29899AB00055E3D5 /* API_Nasa */,
			);
		};
/* End PBXProject section */

/* Begin PBXResourcesBuildPhase section */
		D11D611C29899AB00055E3D5 /* Resources */ = {
			isa = PBXResourcesBuildPhase;
			buildActionMask = 2147483647;
			files = (
				05C30F712996D92500913DF1 /* K2D-SemiBold.ttf in Resources */,
				D11D612929899AB00055E3D5 /* Preview Assets.xcassets in Resources */,
				D11D612629899AB00055E3D5 /* Assets.xcassets in Resources */,
				0520B53B299AA57A00802DCE /* K2D-Regular.ttf in Resources */,
			);
			runOnlyForDeploymentPostprocessing = 0;
		};
/* End PBXResourcesBuildPhase section */

/* Begin PBXSourcesBuildPhase section */
		D11D611A29899AB00055E3D5 /* Sources */ = {
			isa = PBXSourcesBuildPhase;
			buildActionMask = 2147483647;
			files = (
				D11D613C298C452D0055E3D5 /* WebService.swift in Sources */,
				D11D612429899AB00055E3D5 /* ContentView.swift in Sources */,
				0520B53F299ACBD700802DCE /* LaunchScreen.swift in Sources */,
				D11D614A298D9F280055E3D5 /* Cell.swift in Sources */,
				D11D612229899AB00055E3D5 /* API_NasaApp.swift in Sources */,
				D1EE28C52992914F003A0A90 /* PlanetDetailsView.swift in Sources */,
				D12FA0442996D47200E81604 /* PlusPlanetInfos.swift in Sources */,
				D1EE28C72992D941003A0A90 /* InfosService.swift in Sources */,
				D138512F299C216500B35797 /* ARKitView.swift in Sources */,
				D12FA03F2996869B00E81604 /* ImageFormatter.swift in Sources */,
				D12FA03D2995B02500E81604 /* DetailCell.swift in Sources */,
				D11D613A298C303F0055E3D5 /* PlanetInfos.swift in Sources */,
				D138513F299C4C9700B35797 /* NavigationIndicator.swift in Sources */,
			);
			runOnlyForDeploymentPostprocessing = 0;
		};
/* End PBXSourcesBuildPhase section */

/* Begin XCBuildConfiguration section */
		D11D612A29899AB00055E3D5 /* Debug */ = {
			isa = XCBuildConfiguration;
			buildSettings = {
				ALWAYS_SEARCH_USER_PATHS = NO;
				CLANG_ANALYZER_NONNULL = YES;
				CLANG_ANALYZER_NUMBER_OBJECT_CONVERSION = YES_AGGRESSIVE;
				CLANG_CXX_LANGUAGE_STANDARD = "gnu++20";
				CLANG_ENABLE_MODULES = YES;
				CLANG_ENABLE_OBJC_ARC = YES;
				CLANG_ENABLE_OBJC_WEAK = YES;
				CLANG_WARN_BLOCK_CAPTURE_AUTORELEASING = YES;
				CLANG_WARN_BOOL_CONVERSION = YES;
				CLANG_WARN_COMMA = YES;
				CLANG_WARN_CONSTANT_CONVERSION = YES;
				CLANG_WARN_DEPRECATED_OBJC_IMPLEMENTATIONS = YES;
				CLANG_WARN_DIRECT_OBJC_ISA_USAGE = YES_ERROR;
				CLANG_WARN_DOCUMENTATION_COMMENTS = YES;
				CLANG_WARN_EMPTY_BODY = YES;
				CLANG_WARN_ENUM_CONVERSION = YES;
				CLANG_WARN_INFINITE_RECURSION = YES;
				CLANG_WARN_INT_CONVERSION = YES;
				CLANG_WARN_NON_LITERAL_NULL_CONVERSION = YES;
				CLANG_WARN_OBJC_IMPLICIT_RETAIN_SELF = YES;
				CLANG_WARN_OBJC_LITERAL_CONVERSION = YES;
				CLANG_WARN_OBJC_ROOT_CLASS = YES_ERROR;
				CLANG_WARN_QUOTED_INCLUDE_IN_FRAMEWORK_HEADER = YES;
				CLANG_WARN_RANGE_LOOP_ANALYSIS = YES;
				CLANG_WARN_STRICT_PROTOTYPES = YES;
				CLANG_WARN_SUSPICIOUS_MOVE = YES;
				CLANG_WARN_UNGUARDED_AVAILABILITY = YES_AGGRESSIVE;
				CLANG_WARN_UNREACHABLE_CODE = YES;
				CLANG_WARN__DUPLICATE_METHOD_MATCH = YES;
				COPY_PHASE_STRIP = NO;
				DEBUG_INFORMATION_FORMAT = dwarf;
				ENABLE_STRICT_OBJC_MSGSEND = YES;
				ENABLE_TESTABILITY = YES;
				GCC_C_LANGUAGE_STANDARD = gnu11;
				GCC_DYNAMIC_NO_PIC = NO;
				GCC_NO_COMMON_BLOCKS = YES;
				GCC_OPTIMIZATION_LEVEL = 0;
				GCC_PREPROCESSOR_DEFINITIONS = (
					"DEBUG=1",
					"$(inherited)",
				);
				GCC_WARN_64_TO_32_BIT_CONVERSION = YES;
				GCC_WARN_ABOUT_RETURN_TYPE = YES_ERROR;
				GCC_WARN_UNDECLARED_SELECTOR = YES;
				GCC_WARN_UNINITIALIZED_AUTOS = YES_AGGRESSIVE;
				GCC_WARN_UNUSED_FUNCTION = YES;
				GCC_WARN_UNUSED_VARIABLE = YES;
				IPHONEOS_DEPLOYMENT_TARGET = 15.0;
				MTL_ENABLE_DEBUG_INFO = INCLUDE_SOURCE;
				MTL_FAST_MATH = YES;
				ONLY_ACTIVE_ARCH = YES;
				SDKROOT = iphoneos;
				SWIFT_ACTIVE_COMPILATION_CONDITIONS = DEBUG;
				SWIFT_OPTIMIZATION_LEVEL = "-Onone";
			};
			name = Debug;
		};
		D11D612B29899AB00055E3D5 /* Release */ = {
			isa = XCBuildConfiguration;
			buildSettings = {
				ALWAYS_SEARCH_USER_PATHS = NO;
				CLANG_ANALYZER_NONNULL = YES;
				CLANG_ANALYZER_NUMBER_OBJECT_CONVERSION = YES_AGGRESSIVE;
				CLANG_CXX_LANGUAGE_STANDARD = "gnu++20";
				CLANG_ENABLE_MODULES = YES;
				CLANG_ENABLE_OBJC_ARC = YES;
				CLANG_ENABLE_OBJC_WEAK = YES;
				CLANG_WARN_BLOCK_CAPTURE_AUTORELEASING = YES;
				CLANG_WARN_BOOL_CONVERSION = YES;
				CLANG_WARN_COMMA = YES;
				CLANG_WARN_CONSTANT_CONVERSION = YES;
				CLANG_WARN_DEPRECATED_OBJC_IMPLEMENTATIONS = YES;
				CLANG_WARN_DIRECT_OBJC_ISA_USAGE = YES_ERROR;
				CLANG_WARN_DOCUMENTATION_COMMENTS = YES;
				CLANG_WARN_EMPTY_BODY = YES;
				CLANG_WARN_ENUM_CONVERSION = YES;
				CLANG_WARN_INFINITE_RECURSION = YES;
				CLANG_WARN_INT_CONVERSION = YES;
				CLANG_WARN_NON_LITERAL_NULL_CONVERSION = YES;
				CLANG_WARN_OBJC_IMPLICIT_RETAIN_SELF = YES;
				CLANG_WARN_OBJC_LITERAL_CONVERSION = YES;
				CLANG_WARN_OBJC_ROOT_CLASS = YES_ERROR;
				CLANG_WARN_QUOTED_INCLUDE_IN_FRAMEWORK_HEADER = YES;
				CLANG_WARN_RANGE_LOOP_ANALYSIS = YES;
				CLANG_WARN_STRICT_PROTOTYPES = YES;
				CLANG_WARN_SUSPICIOUS_MOVE = YES;
				CLANG_WARN_UNGUARDED_AVAILABILITY = YES_AGGRESSIVE;
				CLANG_WARN_UNREACHABLE_CODE = YES;
				CLANG_WARN__DUPLICATE_METHOD_MATCH = YES;
				COPY_PHASE_STRIP = NO;
				DEBUG_INFORMATION_FORMAT = "dwarf-with-dsym";
				ENABLE_NS_ASSERTIONS = NO;
				ENABLE_STRICT_OBJC_MSGSEND = YES;
				GCC_C_LANGUAGE_STANDARD = gnu11;
				GCC_NO_COMMON_BLOCKS = YES;
				GCC_WARN_64_TO_32_BIT_CONVERSION = YES;
				GCC_WARN_ABOUT_RETURN_TYPE = YES_ERROR;
				GCC_WARN_UNDECLARED_SELECTOR = YES;
				GCC_WARN_UNINITIALIZED_AUTOS = YES_AGGRESSIVE;
				GCC_WARN_UNUSED_FUNCTION = YES;
				GCC_WARN_UNUSED_VARIABLE = YES;
				IPHONEOS_DEPLOYMENT_TARGET = 15.0;
				MTL_ENABLE_DEBUG_INFO = NO;
				MTL_FAST_MATH = YES;
				SDKROOT = iphoneos;
				SWIFT_COMPILATION_MODE = wholemodule;
				SWIFT_OPTIMIZATION_LEVEL = "-O";
				VALIDATE_PRODUCT = YES;
			};
			name = Release;
		};
		D11D612D29899AB00055E3D5 /* Debug */ = {
			isa = XCBuildConfiguration;
			buildSettings = {
				ASSETCATALOG_COMPILER_APPICON_NAME = AppIcon;
				ASSETCATALOG_COMPILER_GLOBAL_ACCENT_COLOR_NAME = AccentColor;
				CODE_SIGN_STYLE = Automatic;
				CURRENT_PROJECT_VERSION = 1;
				DEVELOPMENT_ASSET_PATHS = "\"API_Nasa/Preview Content\"";
				DEVELOPMENT_TEAM = 3SWCGFCJF2;
				ENABLE_PREVIEWS = YES;
				GENERATE_INFOPLIST_FILE = YES;
				INFOPLIST_FILE = "API-Nasa-Info.plist";
				INFOPLIST_KEY_CFBundleDisplayName = "Solar Wiki";
				INFOPLIST_KEY_NSCameraUsageDescription = "";
				INFOPLIST_KEY_UIApplicationSceneManifest_Generation = YES;
				INFOPLIST_KEY_UIApplicationSupportsIndirectInputEvents = YES;
				INFOPLIST_KEY_UILaunchScreen_Generation = YES;
				INFOPLIST_KEY_UILaunchStoryboardName = LaunchScreen.storyboard;
				INFOPLIST_KEY_UISupportedInterfaceOrientations_iPad = "UIInterfaceOrientationPortrait UIInterfaceOrientationPortraitUpsideDown UIInterfaceOrientationLandscapeLeft UIInterfaceOrientationLandscapeRight";
				INFOPLIST_KEY_UISupportedInterfaceOrientations_iPhone = "UIInterfaceOrientationPortrait UIInterfaceOrientationLandscapeLeft UIInterfaceOrientationLandscapeRight";
				IPHONEOS_DEPLOYMENT_TARGET = 15.0;
				LD_RUNPATH_SEARCH_PATHS = (
					"$(inherited)",
					"@executable_path/Frameworks",
				);
				MARKETING_VERSION = 1.0;
				PRODUCT_BUNDLE_IDENTIFIER = NanoAPI1;
				PRODUCT_NAME = "$(TARGET_NAME)";
				SWIFT_EMIT_LOC_STRINGS = YES;
				SWIFT_VERSION = 5.0;
				TARGETED_DEVICE_FAMILY = "1,2";
			};
			name = Debug;
		};
		D11D612E29899AB00055E3D5 /* Release */ = {
			isa = XCBuildConfiguration;
			buildSettings = {
				ASSETCATALOG_COMPILER_APPICON_NAME = AppIcon;
				ASSETCATALOG_COMPILER_GLOBAL_ACCENT_COLOR_NAME = AccentColor;
				CODE_SIGN_STYLE = Automatic;
				CURRENT_PROJECT_VERSION = 1;
				DEVELOPMENT_ASSET_PATHS = "\"API_Nasa/Preview Content\"";
				DEVELOPMENT_TEAM = 3SWCGFCJF2;
				ENABLE_PREVIEWS = YES;
				GENERATE_INFOPLIST_FILE = YES;
				INFOPLIST_FILE = "API-Nasa-Info.plist";
				INFOPLIST_KEY_CFBundleDisplayName = "Solar Wiki";
				INFOPLIST_KEY_NSCameraUsageDescription = "";
				INFOPLIST_KEY_UIApplicationSceneManifest_Generation = YES;
				INFOPLIST_KEY_UIApplicationSupportsIndirectInputEvents = YES;
				INFOPLIST_KEY_UILaunchScreen_Generation = YES;
				INFOPLIST_KEY_UILaunchStoryboardName = LaunchScreen.storyboard;
				INFOPLIST_KEY_UISupportedInterfaceOrientations_iPad = "UIInterfaceOrientationPortrait UIInterfaceOrientationPortraitUpsideDown UIInterfaceOrientationLandscapeLeft UIInterfaceOrientationLandscapeRight";
				INFOPLIST_KEY_UISupportedInterfaceOrientations_iPhone = "UIInterfaceOrientationPortrait UIInterfaceOrientationLandscapeLeft UIInterfaceOrientationLandscapeRight";
				IPHONEOS_DEPLOYMENT_TARGET = 15.0;
				LD_RUNPATH_SEARCH_PATHS = (
					"$(inherited)",
					"@executable_path/Frameworks",
				);
				MARKETING_VERSION = 1.0;
				PRODUCT_BUNDLE_IDENTIFIER = NanoAPI1;
				PRODUCT_NAME = "$(TARGET_NAME)";
				SWIFT_EMIT_LOC_STRINGS = YES;
				SWIFT_VERSION = 5.0;
				TARGETED_DEVICE_FAMILY = "1,2";
			};
			name = Release;
		};
/* End XCBuildConfiguration section */

/* Begin XCConfigurationList section */
		D11D611929899AB00055E3D5 /* Build configuration list for PBXProject "API_Nasa" */ = {
			isa = XCConfigurationList;
			buildConfigurations = (
				D11D612A29899AB00055E3D5 /* Debug */,
				D11D612B29899AB00055E3D5 /* Release */,
			);
			defaultConfigurationIsVisible = 0;
			defaultConfigurationName = Release;
		};
		D11D612C29899AB00055E3D5 /* Build configuration list for PBXNativeTarget "API_Nasa" */ = {
			isa = XCConfigurationList;
			buildConfigurations = (
				D11D612D29899AB00055E3D5 /* Debug */,
				D11D612E29899AB00055E3D5 /* Release */,
			);
			defaultConfigurationIsVisible = 0;
			defaultConfigurationName = Release;
		};
/* End XCConfigurationList section */
	};
	rootObject = D11D611629899AB00055E3D5 /* Project object */;
}
